// !$*UTF8*$!
{
	archiveVersion = 1;
	classes = {
	};
	objectVersion = 48;
	objects = {

/* Begin PBXBuildFile section */
		811BB5EF1FB2478600F9B300 /* AppDelegate.swift in Sources */ = {isa = PBXBuildFile; fileRef = 811BB5EE1FB2478600F9B300 /* AppDelegate.swift */; };
		811BB5F11FB2478600F9B300 /* GameScene.sks in Resources */ = {isa = PBXBuildFile; fileRef = 811BB5F01FB2478600F9B300 /* GameScene.sks */; };
		811BB5F31FB2478600F9B300 /* Actions.sks in Resources */ = {isa = PBXBuildFile; fileRef = 811BB5F21FB2478600F9B300 /* Actions.sks */; };
		811BB5F51FB2478600F9B300 /* GameScene.swift in Sources */ = {isa = PBXBuildFile; fileRef = 811BB5F41FB2478600F9B300 /* GameScene.swift */; };
		811BB5F71FB2478600F9B300 /* GameViewController.swift in Sources */ = {isa = PBXBuildFile; fileRef = 811BB5F61FB2478600F9B300 /* GameViewController.swift */; };
		811BB5FA1FB2478600F9B300 /* Main.storyboard in Resources */ = {isa = PBXBuildFile; fileRef = 811BB5F81FB2478600F9B300 /* Main.storyboard */; };
		811BB5FC1FB2478600F9B300 /* Assets.xcassets in Resources */ = {isa = PBXBuildFile; fileRef = 811BB5FB1FB2478600F9B300 /* Assets.xcassets */; };
		811BB5FF1FB2478600F9B300 /* LaunchScreen.storyboard in Resources */ = {isa = PBXBuildFile; fileRef = 811BB5FD1FB2478600F9B300 /* LaunchScreen.storyboard */; };
		811BB60A1FB2478600F9B300 /* CookieCrunchTests.swift in Sources */ = {isa = PBXBuildFile; fileRef = 811BB6091FB2478600F9B300 /* CookieCrunchTests.swift */; };
		811BB6151FB2478600F9B300 /* CookieCrunchUITests.swift in Sources */ = {isa = PBXBuildFile; fileRef = 811BB6141FB2478600F9B300 /* CookieCrunchUITests.swift */; };
/* End PBXBuildFile section */

/* Begin PBXContainerItemProxy section */
		811BB6061FB2478600F9B300 /* PBXContainerItemProxy */ = {
			isa = PBXContainerItemProxy;
			containerPortal = 811BB5E31FB2478600F9B300 /* Project object */;
			proxyType = 1;
			remoteGlobalIDString = 811BB5EA1FB2478600F9B300;
			remoteInfo = CookieCrunch;
		};
		811BB6111FB2478600F9B300 /* PBXContainerItemProxy */ = {
			isa = PBXContainerItemProxy;
			containerPortal = 811BB5E31FB2478600F9B300 /* Project object */;
			proxyType = 1;
			remoteGlobalIDString = 811BB5EA1FB2478600F9B300;
			remoteInfo = CookieCrunch;
		};
/* End PBXContainerItemProxy section */

/* Begin PBXFileReference section */
		811BB5EB1FB2478600F9B300 /* CookieCrunch.app */ = {isa = PBXFileReference; explicitFileType = wrapper.application; includeInIndex = 0; path = CookieCrunch.app; sourceTree = BUILT_PRODUCTS_DIR; };
		811BB5EE1FB2478600F9B300 /* AppDelegate.swift */ = {isa = PBXFileReference; lastKnownFileType = sourcecode.swift; path = AppDelegate.swift; sourceTree = "<group>"; };
		811BB5F01FB2478600F9B300 /* GameScene.sks */ = {isa = PBXFileReference; lastKnownFileType = file.sks; path = GameScene.sks; sourceTree = "<group>"; };
		811BB5F21FB2478600F9B300 /* Actions.sks */ = {isa = PBXFileReference; lastKnownFileType = file.sks; path = Actions.sks; sourceTree = "<group>"; };
		811BB5F41FB2478600F9B300 /* GameScene.swift */ = {isa = PBXFileReference; lastKnownFileType = sourcecode.swift; path = GameScene.swift; sourceTree = "<group>"; };
		811BB5F61FB2478600F9B300 /* GameViewController.swift */ = {isa = PBXFileReference; lastKnownFileType = sourcecode.swift; path = GameViewController.swift; sourceTree = "<group>"; };
		811BB5F91FB2478600F9B300 /* Base */ = {isa = PBXFileReference; lastKnownFileType = file.storyboard; name = Base; path = Base.lproj/Main.storyboard; sourceTree = "<group>"; };
		811BB5FB1FB2478600F9B300 /* Assets.xcassets */ = {isa = PBXFileReference; lastKnownFileType = folder.assetcatalog; path = Assets.xcassets; sourceTree = "<group>"; };
		811BB5FE1FB2478600F9B300 /* Base */ = {isa = PBXFileReference; lastKnownFileType = file.storyboard; name = Base; path = Base.lproj/LaunchScreen.storyboard; sourceTree = "<group>"; };
		811BB6001FB2478600F9B300 /* Info.plist */ = {isa = PBXFileReference; lastKnownFileType = text.plist.xml; path = Info.plist; sourceTree = "<group>"; };
		811BB6051FB2478600F9B300 /* CookieCrunchTests.xctest */ = {isa = PBXFileReference; explicitFileType = wrapper.cfbundle; includeInIndex = 0; path = CookieCrunchTests.xctest; sourceTree = BUILT_PRODUCTS_DIR; };
		811BB6091FB2478600F9B300 /* CookieCrunchTests.swift */ = {isa = PBXFileReference; lastKnownFileType = sourcecode.swift; path = CookieCrunchTests.swift; sourceTree = "<group>"; };
		811BB60B1FB2478600F9B300 /* Info.plist */ = {isa = PBXFileReference; lastKnownFileType = text.plist.xml; path = Info.plist; sourceTree = "<group>"; };
		811BB6101FB2478600F9B300 /* CookieCrunchUITests.xctest */ = {isa = PBXFileReference; explicitFileType = wrapper.cfbundle; includeInIndex = 0; path = CookieCrunchUITests.xctest; sourceTree = BUILT_PRODUCTS_DIR; };
		811BB6141FB2478600F9B300 /* CookieCrunchUITests.swift */ = {isa = PBXFileReference; lastKnownFileType = sourcecode.swift; path = CookieCrunchUITests.swift; sourceTree = "<group>"; };
		811BB6161FB2478700F9B300 /* Info.plist */ = {isa = PBXFileReference; lastKnownFileType = text.plist.xml; path = Info.plist; sourceTree = "<group>"; };
/* End PBXFileReference section */

/* Begin PBXFrameworksBuildPhase section */
		811BB5E81FB2478600F9B300 /* Frameworks */ = {
			isa = PBXFrameworksBuildPhase;
			buildActionMask = 2147483647;
			files = (
			);
			runOnlyForDeploymentPostprocessing = 0;
		};
		811BB6021FB2478600F9B300 /* Frameworks */ = {
			isa = PBXFrameworksBuildPhase;
			buildActionMask = 2147483647;
			files = (
			);
			runOnlyForDeploymentPostprocessing = 0;
		};
		811BB60D1FB2478600F9B300 /* Frameworks */ = {
			isa = PBXFrameworksBuildPhase;
			buildActionMask = 2147483647;
			files = (
			);
			runOnlyForDeploymentPostprocessing = 0;
		};
/* End PBXFrameworksBuildPhase section */

/* Begin PBXGroup section */
		811BB5E21FB2478600F9B300 = {
			isa = PBXGroup;
			children = (
				811BB5ED1FB2478600F9B300 /* CookieCrunch */,
				811BB6081FB2478600F9B300 /* CookieCrunchTests */,
				811BB6131FB2478600F9B300 /* CookieCrunchUITests */,
				811BB5EC1FB2478600F9B300 /* Products */,
			);
			sourceTree = "<group>";
		};
		811BB5EC1FB2478600F9B300 /* Products */ = {
			isa = PBXGroup;
			children = (
				811BB5EB1FB2478600F9B300 /* CookieCrunch.app */,
				811BB6051FB2478600F9B300 /* CookieCrunchTests.xctest */,
				811BB6101FB2478600F9B300 /* CookieCrunchUITests.xctest */,
			);
			name = Products;
			sourceTree = "<group>";
		};
		811BB5ED1FB2478600F9B300 /* CookieCrunch */ = {
			isa = PBXGroup;
			children = (
				811BB5EE1FB2478600F9B300 /* AppDelegate.swift */,
				811BB5F01FB2478600F9B300 /* GameScene.sks */,
				811BB5F21FB2478600F9B300 /* Actions.sks */,
				811BB5F41FB2478600F9B300 /* GameScene.swift */,
				811BB5F61FB2478600F9B300 /* GameViewController.swift */,
				811BB5F81FB2478600F9B300 /* Main.storyboard */,
				811BB5FB1FB2478600F9B300 /* Assets.xcassets */,
				811BB5FD1FB2478600F9B300 /* LaunchScreen.storyboard */,
				811BB6001FB2478600F9B300 /* Info.plist */,
			);
			path = CookieCrunch;
			sourceTree = "<group>";
		};
		811BB6081FB2478600F9B300 /* CookieCrunchTests */ = {
			isa = PBXGroup;
			children = (
				811BB6091FB2478600F9B300 /* CookieCrunchTests.swift */,
				811BB60B1FB2478600F9B300 /* Info.plist */,
			);
			path = CookieCrunchTests;
			sourceTree = "<group>";
		};
		811BB6131FB2478600F9B300 /* CookieCrunchUITests */ = {
			isa = PBXGroup;
			children = (
				811BB6141FB2478600F9B300 /* CookieCrunchUITests.swift */,
				811BB6161FB2478700F9B300 /* Info.plist */,
			);
			path = CookieCrunchUITests;
			sourceTree = "<group>";
		};
/* End PBXGroup section */

/* Begin PBXNativeTarget section */
		811BB5EA1FB2478600F9B300 /* CookieCrunch */ = {
			isa = PBXNativeTarget;
			buildConfigurationList = 811BB6191FB2478700F9B300 /* Build configuration list for PBXNativeTarget "CookieCrunch" */;
			buildPhases = (
				811BB5E71FB2478600F9B300 /* Sources */,
				811BB5E81FB2478600F9B300 /* Frameworks */,
				811BB5E91FB2478600F9B300 /* Resources */,
			);
			buildRules = (
			);
			dependencies = (
			);
			name = CookieCrunch;
			productName = CookieCrunch;
			productReference = 811BB5EB1FB2478600F9B300 /* CookieCrunch.app */;
			productType = "com.apple.product-type.application";
		};
		811BB6041FB2478600F9B300 /* CookieCrunchTests */ = {
			isa = PBXNativeTarget;
			buildConfigurationList = 811BB61C1FB2478700F9B300 /* Build configuration list for PBXNativeTarget "CookieCrunchTests" */;
			buildPhases = (
				811BB6011FB2478600F9B300 /* Sources */,
				811BB6021FB2478600F9B300 /* Frameworks */,
				811BB6031FB2478600F9B300 /* Resources */,
			);
			buildRules = (
			);
			dependencies = (
				811BB6071FB2478600F9B300 /* PBXTargetDependency */,
			);
			name = CookieCrunchTests;
			productName = CookieCrunchTests;
			productReference = 811BB6051FB2478600F9B300 /* CookieCrunchTests.xctest */;
			productType = "com.apple.product-type.bundle.unit-test";
		};
		811BB60F1FB2478600F9B300 /* CookieCrunchUITests */ = {
			isa = PBXNativeTarget;
			buildConfigurationList = 811BB61F1FB2478700F9B300 /* Build configuration list for PBXNativeTarget "CookieCrunchUITests" */;
			buildPhases = (
				811BB60C1FB2478600F9B300 /* Sources */,
				811BB60D1FB2478600F9B300 /* Frameworks */,
				811BB60E1FB2478600F9B300 /* Resources */,
			);
			buildRules = (
			);
			dependencies = (
				811BB6121FB2478600F9B300 /* PBXTargetDependency */,
			);
			name = CookieCrunchUITests;
			productName = CookieCrunchUITests;
			productReference = 811BB6101FB2478600F9B300 /* CookieCrunchUITests.xctest */;
			productType = "com.apple.product-type.bundle.ui-testing";
		};
/* End PBXNativeTarget section */

/* Begin PBXProject section */
		811BB5E31FB2478600F9B300 /* Project object */ = {
			isa = PBXProject;
			attributes = {
				LastSwiftUpdateCheck = 0910;
				LastUpgradeCheck = 0910;
				ORGANIZATIONNAME = oliviataylor;
				TargetAttributes = {
					811BB5EA1FB2478600F9B300 = {
						CreatedOnToolsVersion = 9.1;
						ProvisioningStyle = Automatic;
					};
					811BB6041FB2478600F9B300 = {
						CreatedOnToolsVersion = 9.1;
						ProvisioningStyle = Automatic;
						TestTargetID = 811BB5EA1FB2478600F9B300;
					};
					811BB60F1FB2478600F9B300 = {
						CreatedOnToolsVersion = 9.1;
						ProvisioningStyle = Automatic;
						TestTargetID = 811BB5EA1FB2478600F9B300;
					};
				};
			};
			buildConfigurationList = 811BB5E61FB2478600F9B300 /* Build configuration list for PBXProject "CookieCrunch" */;
			compatibilityVersion = "Xcode 8.0";
			developmentRegion = en;
			hasScannedForEncodings = 0;
			knownRegions = (
				en,
				Base,
			);
			mainGroup = 811BB5E21FB2478600F9B300;
			productRefGroup = 811BB5EC1FB2478600F9B300 /* Products */;
			projectDirPath = "";
			projectRoot = "";
			targets = (
				811BB5EA1FB2478600F9B300 /* CookieCrunch */,
				811BB6041FB2478600F9B300 /* CookieCrunchTests */,
				811BB60F1FB2478600F9B300 /* CookieCrunchUITests */,
			);
		};
/* End PBXProject section */

/* Begin PBXResourcesBuildPhase section */
		811BB5E91FB2478600F9B300 /* Resources */ = {
			isa = PBXResourcesBuildPhase;
			buildActionMask = 2147483647;
			files = (
				811BB5FA1FB2478600F9B300 /* Main.storyboard in Resources */,
				811BB5F11FB2478600F9B300 /* GameScene.sks in Resources */,
				811BB5FC1FB2478600F9B300 /* Assets.xcassets in Resources */,
				811BB5FF1FB2478600F9B300 /* LaunchScreen.storyboard in Resources */,
				811BB5F31FB2478600F9B300 /* Actions.sks in Resources */,
			);
			runOnlyForDeploymentPostprocessing = 0;
		};
		811BB6031FB2478600F9B300 /* Resources */ = {
			isa = PBXResourcesBuildPhase;
			buildActionMask = 2147483647;
			files = (
			);
			runOnlyForDeploymentPostprocessing = 0;
		};
		811BB60E1FB2478600F9B300 /* Resources */ = {
			isa = PBXResourcesBuildPhase;
			buildActionMask = 2147483647;
			files = (
			);
			runOnlyForDeploymentPostprocessing = 0;
		};
/* End PBXResourcesBuildPhase section */

/* Begin PBXSourcesBuildPhase section */
		811BB5E71FB2478600F9B300 /* Sources */ = {
			isa = PBXSourcesBuildPhase;
			buildActionMask = 2147483647;
			files = (
				811BB5F51FB2478600F9B300 /* GameScene.swift in Sources */,
				811BB5F71FB2478600F9B300 /* GameViewController.swift in Sources */,
				811BB5EF1FB2478600F9B300 /* AppDelegate.swift in Sources */,
			);
			runOnlyForDeploymentPostprocessing = 0;
		};
		811BB6011FB2478600F9B300 /* Sources */ = {
			isa = PBXSourcesBuildPhase;
			buildActionMask = 2147483647;
			files = (
				811BB60A1FB2478600F9B300 /* CookieCrunchTests.swift in Sources */,
			);
			runOnlyForDeploymentPostprocessing = 0;
		};
		811BB60C1FB2478600F9B300 /* Sources */ = {
			isa = PBXSourcesBuildPhase;
			buildActionMask = 2147483647;
			files = (
				811BB6151FB2478600F9B300 /* CookieCrunchUITests.swift in Sources */,
			);
			runOnlyForDeploymentPostprocessing = 0;
		};
/* End PBXSourcesBuildPhase section */

/* Begin PBXTargetDependency section */
		811BB6071FB2478600F9B300 /* PBXTargetDependency */ = {
			isa = PBXTargetDependency;
			target = 811BB5EA1FB2478600F9B300 /* CookieCrunch */;
			targetProxy = 811BB6061FB2478600F9B300 /* PBXContainerItemProxy */;
		};
		811BB6121FB2478600F9B300 /* PBXTargetDependency */ = {
			isa = PBXTargetDependency;
			target = 811BB5EA1FB2478600F9B300 /* CookieCrunch */;
			targetProxy = 811BB6111FB2478600F9B300 /* PBXContainerItemProxy */;
		};
/* End PBXTargetDependency section */

/* Begin PBXVariantGroup section */
		811BB5F81FB2478600F9B300 /* Main.storyboard */ = {
			isa = PBXVariantGroup;
			children = (
				811BB5F91FB2478600F9B300 /* Base */,
			);
			name = Main.storyboard;
			sourceTree = "<group>";
		};
		811BB5FD1FB2478600F9B300 /* LaunchScreen.storyboard */ = {
			isa = PBXVariantGroup;
			children = (
				811BB5FE1FB2478600F9B300 /* Base */,
			);
			name = LaunchScreen.storyboard;
			sourceTree = "<group>";
		};
/* End PBXVariantGroup section */

/* Begin XCBuildConfiguration section */
		811BB6171FB2478700F9B300 /* Debug */ = {
			isa = XCBuildConfiguration;
			buildSettings = {
				ALWAYS_SEARCH_USER_PATHS = NO;
				CLANG_ANALYZER_NONNULL = YES;
				CLANG_ANALYZER_NUMBER_OBJECT_CONVERSION = YES_AGGRESSIVE;
				CLANG_CXX_LANGUAGE_STANDARD = "gnu++14";
				CLANG_CXX_LIBRARY = "libc++";
				CLANG_ENABLE_MODULES = YES;
				CLANG_ENABLE_OBJC_ARC = YES;
				CLANG_WARN_BLOCK_CAPTURE_AUTORELEASING = YES;
				CLANG_WARN_BOOL_CONVERSION = YES;
				CLANG_WARN_COMMA = YES;
				CLANG_WARN_CONSTANT_CONVERSION = YES;
				CLANG_WARN_DIRECT_OBJC_ISA_USAGE = YES_ERROR;
				CLANG_WARN_DOCUMENTATION_COMMENTS = YES;
				CLANG_WARN_EMPTY_BODY = YES;
				CLANG_WARN_ENUM_CONVERSION = YES;
				CLANG_WARN_INFINITE_RECURSION = YES;
				CLANG_WARN_INT_CONVERSION = YES;
				CLANG_WARN_NON_LITERAL_NULL_CONVERSION = YES;
				CLANG_WARN_OBJC_LITERAL_CONVERSION = YES;
				CLANG_WARN_OBJC_ROOT_CLASS = YES_ERROR;
				CLANG_WARN_RANGE_LOOP_ANALYSIS = YES;
				CLANG_WARN_STRICT_PROTOTYPES = YES;
				CLANG_WARN_SUSPICIOUS_MOVE = YES;
				CLANG_WARN_UNGUARDED_AVAILABILITY = YES_AGGRESSIVE;
				CLANG_WARN_UNREACHABLE_CODE = YES;
				CLANG_WARN__DUPLICATE_METHOD_MATCH = YES;
				CODE_SIGN_IDENTITY = "iPhone Developer";
				COPY_PHASE_STRIP = NO;
				DEBUG_INFORMATION_FORMAT = dwarf;
				ENABLE_STRICT_OBJC_MSGSEND = YES;
				ENABLE_TESTABILITY = YES;
				GCC_C_LANGUAGE_STANDARD = gnu11;
				GCC_DYNAMIC_NO_PIC = NO;
				GCC_NO_COMMON_BLOCKS = YES;
				GCC_OPTIMIZATION_LEVEL = 0;
				GCC_PREPROCESSOR_DEFINITIONS = (
					"DEBUG=1",
					"$(inherited)",
				);
				GCC_WARN_64_TO_32_BIT_CONVERSION = YES;
				GCC_WARN_ABOUT_RETURN_TYPE = YES_ERROR;
				GCC_WARN_UNDECLARED_SELECTOR = YES;
				GCC_WARN_UNINITIALIZED_AUTOS = YES_AGGRESSIVE;
				GCC_WARN_UNUSED_FUNCTION = YES;
				GCC_WARN_UNUSED_VARIABLE = YES;
				IPHONEOS_DEPLOYMENT_TARGET = 11.1;
				MTL_ENABLE_DEBUG_INFO = YES;
				ONLY_ACTIVE_ARCH = YES;
				SDKROOT = iphoneos;
				SWIFT_ACTIVE_COMPILATION_CONDITIONS = DEBUG;
				SWIFT_OPTIMIZATION_LEVEL = "-Onone";
			};
			name = Debug;
		};
		811BB6181FB2478700F9B300 /* Release */ = {
			isa = XCBuildConfiguration;
			buildSettings = {
				ALWAYS_SEARCH_USER_PATHS = NO;
				CLANG_ANALYZER_NONNULL = YES;
				CLANG_ANALYZER_NUMBER_OBJECT_CONVERSION = YES_AGGRESSIVE;
				CLANG_CXX_LANGUAGE_STANDARD = "gnu++14";
				CLANG_CXX_LIBRARY = "libc++";
				CLANG_ENABLE_MODULES = YES;
				CLANG_ENABLE_OBJC_ARC = YES;
				CLANG_WARN_BLOCK_CAPTURE_AUTORELEASING = YES;
				CLANG_WARN_BOOL_CONVERSION = YES;
				CLANG_WARN_COMMA = YES;
				CLANG_WARN_CONSTANT_CONVERSION = YES;
				CLANG_WARN_DIRECT_OBJC_ISA_USAGE = YES_ERROR;
				CLANG_WARN_DOCUMENTATION_COMMENTS = YES;
				CLANG_WARN_EMPTY_BODY = YES;
				CLANG_WARN_ENUM_CONVERSION = YES;
				CLANG_WARN_INFINITE_RECURSION = YES;
				CLANG_WARN_INT_CONVERSION = YES;
				CLANG_WARN_NON_LITERAL_NULL_CONVERSION = YES;
				CLANG_WARN_OBJC_LITERAL_CONVERSION = YES;
				CLANG_WARN_OBJC_ROOT_CLASS = YES_ERROR;
				CLANG_WARN_RANGE_LOOP_ANALYSIS = YES;
				CLANG_WARN_STRICT_PROTOTYPES = YES;
				CLANG_WARN_SUSPICIOUS_MOVE = YES;
				CLANG_WARN_UNGUARDED_AVAILABILITY = YES_AGGRESSIVE;
				CLANG_WARN_UNREACHABLE_CODE = YES;
				CLANG_WARN__DUPLICATE_METHOD_MATCH = YES;
				CODE_SIGN_IDENTITY = "iPhone Developer";
				COPY_PHASE_STRIP = NO;
				DEBUG_INFORMATION_FORMAT = "dwarf-with-dsym";
				ENABLE_NS_ASSERTIONS = NO;
				ENABLE_STRICT_OBJC_MSGSEND = YES;
				GCC_C_LANGUAGE_STANDARD = gnu11;
				GCC_NO_COMMON_BLOCKS = YES;
				GCC_WARN_64_TO_32_BIT_CONVERSION = YES;
				GCC_WARN_ABOUT_RETURN_TYPE = YES_ERROR;
				GCC_WARN_UNDECLARED_SELECTOR = YES;
				GCC_WARN_UNINITIALIZED_AUTOS = YES_AGGRESSIVE;
				GCC_WARN_UNUSED_FUNCTION = YES;
				GCC_WARN_UNUSED_VARIABLE = YES;
				IPHONEOS_DEPLOYMENT_TARGET = 11.1;
				MTL_ENABLE_DEBUG_INFO = NO;
				SDKROOT = iphoneos;
				SWIFT_OPTIMIZATION_LEVEL = "-Owholemodule";
				VALIDATE_PRODUCT = YES;
			};
			name = Release;
		};
		811BB61A1FB2478700F9B300 /* Debug */ = {
			isa = XCBuildConfiguration;
			buildSettings = {
				ASSETCATALOG_COMPILER_APPICON_NAME = AppIcon;
				CODE_SIGN_STYLE = Automatic;
				DEVELOPMENT_TEAM = ZUTQ2SDKNS;
				INFOPLIST_FILE = CookieCrunch/Info.plist;
				LD_RUNPATH_SEARCH_PATHS = "$(inherited) @executable_path/Frameworks";
				PRODUCT_BUNDLE_IDENTIFIER = com.oliviataylor.CookieCrunch;
				PRODUCT_NAME = "$(TARGET_NAME)";
				SWIFT_VERSION = 4.0;
				TARGETED_DEVICE_FAMILY = "1,2";
			};
			name = Debug;
		};
		811BB61B1FB2478700F9B300 /* Release */ = {
			isa = XCBuildConfiguration;
			buildSettings = {
				ASSETCATALOG_COMPILER_APPICON_NAME = AppIcon;
				CODE_SIGN_STYLE = Automatic;
				DEVELOPMENT_TEAM = ZUTQ2SDKNS;
				INFOPLIST_FILE = CookieCrunch/Info.plist;
				LD_RUNPATH_SEARCH_PATHS = "$(inherited) @executable_path/Frameworks";
				PRODUCT_BUNDLE_IDENTIFIER = com.oliviataylor.CookieCrunch;
				PRODUCT_NAME = "$(TARGET_NAME)";
				SWIFT_VERSION = 4.0;
				TARGETED_DEVICE_FAMILY = "1,2";
			};
			name = Release;
		};
		811BB61D1FB2478700F9B300 /* Debug */ = {
			isa = XCBuildConfiguration;
			buildSettings = {
				ALWAYS_EMBED_SWIFT_STANDARD_LIBRARIES = YES;
				BUNDLE_LOADER = "$(TEST_HOST)";
				CODE_SIGN_STYLE = Automatic;
				DEVELOPMENT_TEAM = ZUTQ2SDKNS;
				INFOPLIST_FILE = CookieCrunchTests/Info.plist;
				LD_RUNPATH_SEARCH_PATHS = "$(inherited) @executable_path/Frameworks @loader_path/Frameworks";
				PRODUCT_BUNDLE_IDENTIFIER = com.oliviataylor.CookieCrunchTests;
				PRODUCT_NAME = "$(TARGET_NAME)";
				SWIFT_VERSION = 4.0;
				TARGETED_DEVICE_FAMILY = "1,2";
				TEST_HOST = "$(BUILT_PRODUCTS_DIR)/CookieCrunch.app/CookieCrunch";
			};
			name = Debug;
		};
		811BB61E1FB2478700F9B300 /* Release */ = {
			isa = XCBuildConfiguration;
			buildSettings = {
				ALWAYS_EMBED_SWIFT_STANDARD_LIBRARIES = YES;
				BUNDLE_LOADER = "$(TEST_HOST)";
				CODE_SIGN_STYLE = Automatic;
				DEVELOPMENT_TEAM = ZUTQ2SDKNS;
				INFOPLIST_FILE = CookieCrunchTests/Info.plist;
				LD_RUNPATH_SEARCH_PATHS = "$(inherited) @executable_path/Frameworks @loader_path/Frameworks";
				PRODUCT_BUNDLE_IDENTIFIER = com.oliviataylor.CookieCrunchTests;
				PRODUCT_NAME = "$(TARGET_NAME)";
				SWIFT_VERSION = 4.0;
				TARGETED_DEVICE_FAMILY = "1,2";
				TEST_HOST = "$(BUILT_PRODUCTS_DIR)/CookieCrunch.app/CookieCrunch";
			};
			name = Release;
		};
		811BB6201FB2478700F9B300 /* Debug */ = {
			isa = XCBuildConfiguration;
			buildSettings = {
				ALWAYS_EMBED_SWIFT_STANDARD_LIBRARIES = YES;
				CODE_SIGN_STYLE = Automatic;
				DEVELOPMENT_TEAM = ZUTQ2SDKNS;
				INFOPLIST_FILE = CookieCrunchUITests/Info.plist;
				LD_RUNPATH_SEARCH_PATHS = "$(inherited) @executable_path/Frameworks @loader_path/Frameworks";
				PRODUCT_BUNDLE_IDENTIFIER = com.oliviataylor.CookieCrunchUITests;
				PRODUCT_NAME = "$(TARGET_NAME)";
				SWIFT_VERSION = 4.0;
				TARGETED_DEVICE_FAMILY = "1,2";
				TEST_TARGET_NAME = CookieCrunch;
			};
			name = Debug;
		};
		811BB6211FB2478700F9B300 /* Release */ = {
			isa = XCBuildConfiguration;
			buildSettings = {
				ALWAYS_EMBED_SWIFT_STANDARD_LIBRARIES = YES;
				CODE_SIGN_STYLE = Automatic;
				DEVELOPMENT_TEAM = ZUTQ2SDKNS;
				INFOPLIST_FILE = CookieCrunchUITests/Info.plist;
				LD_RUNPATH_SEARCH_PATHS = "$(inherited) @executable_path/Frameworks @loader_path/Frameworks";
				PRODUCT_BUNDLE_IDENTIFIER = com.oliviataylor.CookieCrunchUITests;
				PRODUCT_NAME = "$(TARGET_NAME)";
				SWIFT_VERSION = 4.0;
				TARGETED_DEVICE_FAMILY = "1,2";
				TEST_TARGET_NAME = CookieCrunch;
			};
			name = Release;
		};
/* End XCBuildConfiguration section */

/* Begin XCConfigurationList section */
		811BB5E61FB2478600F9B300 /* Build configuration list for PBXProject "CookieCrunch" */ = {
			isa = XCConfigurationList;
			buildConfigurations = (
				811BB6171FB2478700F9B300 /* Debug */,
				811BB6181FB2478700F9B300 /* Release */,
			);
			defaultConfigurationIsVisible = 0;
			defaultConfigurationName = Release;
		};
		811BB6191FB2478700F9B300 /* Build configuration list for PBXNativeTarget "CookieCrunch" */ = {
			isa = XCConfigurationList;
			buildConfigurations = (
				811BB61A1FB2478700F9B300 /* Debug */,
				811BB61B1FB2478700F9B300 /* Release */,
			);
			defaultConfigurationIsVisible = 0;
			defaultConfigurationName = Release;
		};
		811BB61C1FB2478700F9B300 /* Build configuration list for PBXNativeTarget "CookieCrunchTests" */ = {
			isa = XCConfigurationList;
			buildConfigurations = (
				811BB61D1FB2478700F9B300 /* Debug */,
				811BB61E1FB2478700F9B300 /* Release */,
			);
			defaultConfigurationIsVisible = 0;
			defaultConfigurationName = Release;
		};
		811BB61F1FB2478700F9B300 /* Build configuration list for PBXNativeTarget "CookieCrunchUITests" */ = {
			isa = XCConfigurationList;
			buildConfigurations = (
				811BB6201FB2478700F9B300 /* Debug */,
				811BB6211FB2478700F9B300 /* Release */,
			);
			defaultConfigurationIsVisible = 0;
			defaultConfigurationName = Release;
		};
/* End XCConfigurationList section */
	};
	rootObject = 811BB5E31FB2478600F9B300 /* Project object */;
}
